
Microsoft Visual Studio Solution File, Format Version 12.00
# Visual Studio Version 17
VisualStudioVersion = 17.9.34616.47
MinimumVisualStudioVersion = 10.0.40219.1
Project("{FAE04EC0-301F-11D3-BF4B-00C04F79EFBC}") = "ders2-2", "ders2-2.csproj", "{D9FD7490-BC2F-492E-9161-0FFE6C5B0DF5}"
EndProject
Global
	GlobalSection(SolutionConfigurationPlatforms) = preSolution
		Debug|Any CPU = Debug|Any CPU
		Release|Any CPU = Release|Any CPU
	EndGlobalSection
	GlobalSection(ProjectConfigurationPlatforms) = postSolution
		{D9FD7490-BC2F-492E-9161-0FFE6C5B0DF5}.Debug|Any CPU.ActiveCfg = Debug|Any CPU
		{D9FD7490-BC2F-492E-9161-0FFE6C5B0DF5}.Debug|Any CPU.Build.0 = Debug|Any CPU
		{D9FD7490-BC2F-492E-9161-0FFE6C5B0DF5}.Release|Any CPU.ActiveCfg = Release|Any CPU
		{D9FD7490-BC2F-492E-9161-0FFE6C5B0DF5}.Release|Any CPU.Build.0 = Release|Any CPU
	EndGlobalSection
	GlobalSection(SolutionProperties) = preSolution
		HideSolutionNode = FALSE
	EndGlobalSection
	GlobalSection(ExtensibilityGlobals) = postSolution
		SolutionGuid = {FDB6A068-668E-4B40-8CBF-AC6D91EF200F}
	EndGlobalSection
EndGlobal
