
Microsoft Visual Studio Solution File, Format Version 12.00
# Visual Studio Version 17
VisualStudioVersion = 17.9.34616.47
MinimumVisualStudioVersion = 10.0.40219.1
Project("{FAE04EC0-301F-11D3-BF4B-00C04F79EFBC}") = "ders4-12", "ders4-12.csproj", "{A3C53E43-06DD-4161-A7A9-B771324F5037}"
EndProject
Global
	GlobalSection(SolutionConfigurationPlatforms) = preSolution
		Debug|Any CPU = Debug|Any CPU
		Release|Any CPU = Release|Any CPU
	EndGlobalSection
	GlobalSection(ProjectConfigurationPlatforms) = postSolution
		{A3C53E43-06DD-4161-A7A9-B771324F5037}.Debug|Any CPU.ActiveCfg = Debug|Any CPU
		{A3C53E43-06DD-4161-A7A9-B771324F5037}.Debug|Any CPU.Build.0 = Debug|Any CPU
		{A3C53E43-06DD-4161-A7A9-B771324F5037}.Release|Any CPU.ActiveCfg = Release|Any CPU
		{A3C53E43-06DD-4161-A7A9-B771324F5037}.Release|Any CPU.Build.0 = Release|Any CPU
	EndGlobalSection
	GlobalSection(SolutionProperties) = preSolution
		HideSolutionNode = FALSE
	EndGlobalSection
	GlobalSection(ExtensibilityGlobals) = postSolution
		SolutionGuid = {63AB0EED-BAB5-4DD4-BF37-A3CA5D246756}
	EndGlobalSection
EndGlobal
